{
  "name": "@clamepending/videomemory",
  "version": "0.1.1",
  "lockfileVersion": 3,
  "requires": true,
  "packages": {
    "": {
      "name": "@clamepending/videomemory",
      "version": "0.1.1",
      "license": "UNLICENSED",
      "bin": {
        "videomemory-openclaw": "cli.mjs"
      }
    }
  }
}
